
Microsoft Visual Studio Solution File, Format Version 11.00
# Visual Studio 2010
Project("{FAE04EC0-301F-11D3-BF4B-00C04F79EFBC}") = "OMIS.BLL", "OMIS.BLL\OMIS.BLL.csproj", "{B4A1C39F-6A9B-441D-92BA-B2D412A2DA6C}"
EndProject
Project("{FAE04EC0-301F-11D3-BF4B-00C04F79EFBC}") = "OMIS.DAL", "OMIS.DAL\OMIS.DAL.csproj", "{D75B196F-5700-4C4C-9A29-D402E4D99B16}"
EndProject
Project("{FAE04EC0-301F-11D3-BF4B-00C04F79EFBC}") = "OMIS.Model", "OMIS.Model\OMIS.Model.csproj", "{3623D957-BC07-4330-B82E-CF89D56FFAAA}"
EndProject
Project("{E24C65DC-7377-472B-9ABA-BC803B73C61A}") = "OMIS.Web", "OMIS.Web\", "{CA04D922-E980-4785-BFD5-6625F367F606}"
	ProjectSection(WebsiteProperties) = preProject
		Frontpage = "false"
		TargetFrameworkMoniker = ".NETFramework,Version%3Dv4.0"
		Debug.AspNetCompiler.VirtualPath = "/OMIS.Web"
		Debug.AspNetCompiler.PhysicalPath = "OMIS.Web\"
		Debug.AspNetCompiler.TargetPath = "PrecompiledWeb\OMIS.Web\"
		Debug.AspNetCompiler.Updateable = "true"
		Debug.AspNetCompiler.ForceOverwrite = "true"
		Debug.AspNetCompiler.FixedNames = "false"
		Debug.AspNetCompiler.Debug = "True"
		Release.AspNetCompiler.VirtualPath = "/OMIS.Web"
		Release.AspNetCompiler.PhysicalPath = "OMIS.Web\"
		Release.AspNetCompiler.TargetPath = "PrecompiledWeb\OMIS.Web\"
		Release.AspNetCompiler.Updateable = "true"
		Release.AspNetCompiler.ForceOverwrite = "true"
		Release.AspNetCompiler.FixedNames = "false"
		Release.AspNetCompiler.Debug = "False"
		VWDPort = "29433"
		VWDVirtualPath = "/OMIS.Web"
	EndProjectSection
EndProject
Project("{FAE04EC0-301F-11D3-BF4B-00C04F79EFBC}") = "OMIS.Enum", "OMIS.Enum\OMIS.Enum.csproj", "{DFE19F3F-8962-4A81-A6B3-E3AEEB4217F5}"
EndProject
Project("{FAE04EC0-301F-11D3-BF4B-00C04F79EFBC}") = "OMIS.DBA", "OMIS.DBA\OMIS.DBA.csproj", "{AE35FADD-C486-45DE-80D4-D41CDEF22E5E}"
EndProject
Project("{FAE04EC0-301F-11D3-BF4B-00C04F79EFBC}") = "OMIS.Common", "OMIS.Common\OMIS.Common.csproj", "{95260333-4485-4C3B-9CF7-56208108B08C}"
EndProject
Project("{FAE04EC0-301F-11D3-BF4B-00C04F79EFBC}") = "OMIS.DBUtility", "OMIS.DBUtility\OMIS.DBUtility.csproj", "{C9AE473F-81AE-4E19-9CAE-035779CB02FD}"
EndProject
Project("{E24C65DC-7377-472B-9ABA-BC803B73C61A}") = "OMIS.Test", "OMIS.Test\", "{478826EA-25F5-4B91-8EC8-3EBC1421C0F3}"
	ProjectSection(WebsiteProperties) = preProject
		Frontpage = "false"
		TargetFrameworkMoniker = ".NETFramework,Version%3Dv4.0"
		ProjectReferences = "{F3574781-97F9-47DD-8191-AD24E56FBE00}|OMIS.Sort.dll;"
		Debug.AspNetCompiler.VirtualPath = "/OMIS.Test"
		Debug.AspNetCompiler.PhysicalPath = "OMIS.Test\"
		Debug.AspNetCompiler.TargetPath = "PrecompiledWeb\OMIS.Test\"
		Debug.AspNetCompiler.Updateable = "true"
		Debug.AspNetCompiler.ForceOverwrite = "true"
		Debug.AspNetCompiler.FixedNames = "false"
		Debug.AspNetCompiler.Debug = "True"
		Release.AspNetCompiler.VirtualPath = "/OMIS.Test"
		Release.AspNetCompiler.PhysicalPath = "OMIS.Test\"
		Release.AspNetCompiler.TargetPath = "PrecompiledWeb\OMIS.Test\"
		Release.AspNetCompiler.Updateable = "true"
		Release.AspNetCompiler.ForceOverwrite = "true"
		Release.AspNetCompiler.FixedNames = "false"
		Release.AspNetCompiler.Debug = "False"
		VWDPort = "29435"
		DefaultWebSiteLanguage = "Visual C#"
	EndProjectSection
EndProject
Project("{FAE04EC0-301F-11D3-BF4B-00C04F79EFBC}") = "tt", "tt\tt.csproj", "{075C0BA0-EA02-436C-9E5A-6771AD2D8217}"
EndProject
Project("{FAE04EC0-301F-11D3-BF4B-00C04F79EFBC}") = "OMIS.Server", "OMIS.Server\OMIS.Server.csproj", "{30B9B744-49F8-4FD0-8CD7-83A1D218CBDA}"
EndProject
Project("{FAE04EC0-301F-11D3-BF4B-00C04F79EFBC}") = "OMIS.Service", "OMIS.Service\OMIS.Service.csproj", "{C08ACD69-6847-4684-9D99-BA80D199D080}"
EndProject
Project("{FAE04EC0-301F-11D3-BF4B-00C04F79EFBC}") = "OMIS.Device", "OMIS.Device\OMIS.Device.csproj", "{B33C5F25-6FB0-420F-B1DA-DC0E9CBFD3DF}"
EndProject
Project("{FAE04EC0-301F-11D3-BF4B-00C04F79EFBC}") = "OMIS.Sort", "OMIS.Sort\OMIS.Sort.csproj", "{F3574781-97F9-47DD-8191-AD24E56FBE00}"
EndProject
Project("{E24C65DC-7377-472B-9ABA-BC803B73C61A}") = "OMIS.Demo", "OMIS.Demo\", "{1A4DF5AB-6978-478C-8648-FD4EF99792C6}"
	ProjectSection(WebsiteProperties) = preProject
		TargetFrameworkMoniker = ".NETFramework,Version%3Dv4.0"
		Debug.AspNetCompiler.VirtualPath = "/OMIS.Demo"
		Debug.AspNetCompiler.PhysicalPath = "OMIS.Demo\"
		Debug.AspNetCompiler.TargetPath = "PrecompiledWeb\OMIS.Demo\"
		Debug.AspNetCompiler.Updateable = "true"
		Debug.AspNetCompiler.ForceOverwrite = "true"
		Debug.AspNetCompiler.FixedNames = "false"
		Debug.AspNetCompiler.Debug = "True"
		Release.AspNetCompiler.VirtualPath = "/OMIS.Demo"
		Release.AspNetCompiler.PhysicalPath = "OMIS.Demo\"
		Release.AspNetCompiler.TargetPath = "PrecompiledWeb\OMIS.Demo\"
		Release.AspNetCompiler.Updateable = "true"
		Release.AspNetCompiler.ForceOverwrite = "true"
		Release.AspNetCompiler.FixedNames = "false"
		Release.AspNetCompiler.Debug = "False"
		VWDPort = "13380"
		DefaultWebSiteLanguage = "Visual C#"
	EndProjectSection
EndProject
Project("{FAE04EC0-301F-11D3-BF4B-00C04F79EFBC}") = "OMIS.Gather", "OMIS.Gather\OMIS.Gather.csproj", "{3A3FB5EA-FB28-46D6-9ED8-4029174FE182}"
EndProject
Global
	GlobalSection(SolutionConfigurationPlatforms) = preSolution
		Debug|Any CPU = Debug|Any CPU
		Debug|Mixed Platforms = Debug|Mixed Platforms
		Debug|Win32 = Debug|Win32
		Debug|x86 = Debug|x86
		Release|Any CPU = Release|Any CPU
		Release|Mixed Platforms = Release|Mixed Platforms
		Release|Win32 = Release|Win32
		Release|x86 = Release|x86
	EndGlobalSection
	GlobalSection(ProjectConfigurationPlatforms) = postSolution
		{B4A1C39F-6A9B-441D-92BA-B2D412A2DA6C}.Debug|Any CPU.ActiveCfg = Debug|Any CPU
		{B4A1C39F-6A9B-441D-92BA-B2D412A2DA6C}.Debug|Any CPU.Build.0 = Debug|Any CPU
		{B4A1C39F-6A9B-441D-92BA-B2D412A2DA6C}.Debug|Mixed Platforms.ActiveCfg = Debug|Any CPU
		{B4A1C39F-6A9B-441D-92BA-B2D412A2DA6C}.Debug|Mixed Platforms.Build.0 = Debug|Any CPU
		{B4A1C39F-6A9B-441D-92BA-B2D412A2DA6C}.Debug|Win32.ActiveCfg = Debug|Any CPU
		{B4A1C39F-6A9B-441D-92BA-B2D412A2DA6C}.Debug|x86.ActiveCfg = Debug|Any CPU
		{B4A1C39F-6A9B-441D-92BA-B2D412A2DA6C}.Release|Any CPU.ActiveCfg = Release|Any CPU
		{B4A1C39F-6A9B-441D-92BA-B2D412A2DA6C}.Release|Any CPU.Build.0 = Release|Any CPU
		{B4A1C39F-6A9B-441D-92BA-B2D412A2DA6C}.Release|Mixed Platforms.ActiveCfg = Release|Any CPU
		{B4A1C39F-6A9B-441D-92BA-B2D412A2DA6C}.Release|Mixed Platforms.Build.0 = Release|Any CPU
		{B4A1C39F-6A9B-441D-92BA-B2D412A2DA6C}.Release|Win32.ActiveCfg = Release|Any CPU
		{B4A1C39F-6A9B-441D-92BA-B2D412A2DA6C}.Release|x86.ActiveCfg = Release|Any CPU
		{D75B196F-5700-4C4C-9A29-D402E4D99B16}.Debug|Any CPU.ActiveCfg = Debug|Any CPU
		{D75B196F-5700-4C4C-9A29-D402E4D99B16}.Debug|Any CPU.Build.0 = Debug|Any CPU
		{D75B196F-5700-4C4C-9A29-D402E4D99B16}.Debug|Mixed Platforms.ActiveCfg = Debug|Any CPU
		{D75B196F-5700-4C4C-9A29-D402E4D99B16}.Debug|Mixed Platforms.Build.0 = Debug|Any CPU
		{D75B196F-5700-4C4C-9A29-D402E4D99B16}.Debug|Win32.ActiveCfg = Debug|Any CPU
		{D75B196F-5700-4C4C-9A29-D402E4D99B16}.Debug|x86.ActiveCfg = Debug|Any CPU
		{D75B196F-5700-4C4C-9A29-D402E4D99B16}.Release|Any CPU.ActiveCfg = Release|Any CPU
		{D75B196F-5700-4C4C-9A29-D402E4D99B16}.Release|Any CPU.Build.0 = Release|Any CPU
		{D75B196F-5700-4C4C-9A29-D402E4D99B16}.Release|Mixed Platforms.ActiveCfg = Release|Any CPU
		{D75B196F-5700-4C4C-9A29-D402E4D99B16}.Release|Mixed Platforms.Build.0 = Release|Any CPU
		{D75B196F-5700-4C4C-9A29-D402E4D99B16}.Release|Win32.ActiveCfg = Release|Any CPU
		{D75B196F-5700-4C4C-9A29-D402E4D99B16}.Release|x86.ActiveCfg = Release|Any CPU
		{3623D957-BC07-4330-B82E-CF89D56FFAAA}.Debug|Any CPU.ActiveCfg = Debug|Any CPU
		{3623D957-BC07-4330-B82E-CF89D56FFAAA}.Debug|Any CPU.Build.0 = Debug|Any CPU
		{3623D957-BC07-4330-B82E-CF89D56FFAAA}.Debug|Mixed Platforms.ActiveCfg = Debug|Any CPU
		{3623D957-BC07-4330-B82E-CF89D56FFAAA}.Debug|Mixed Platforms.Build.0 = Debug|Any CPU
		{3623D957-BC07-4330-B82E-CF89D56FFAAA}.Debug|Win32.ActiveCfg = Debug|Any CPU
		{3623D957-BC07-4330-B82E-CF89D56FFAAA}.Debug|x86.ActiveCfg = Debug|Any CPU
		{3623D957-BC07-4330-B82E-CF89D56FFAAA}.Release|Any CPU.ActiveCfg = Release|Any CPU
		{3623D957-BC07-4330-B82E-CF89D56FFAAA}.Release|Any CPU.Build.0 = Release|Any CPU
		{3623D957-BC07-4330-B82E-CF89D56FFAAA}.Release|Mixed Platforms.ActiveCfg = Release|Any CPU
		{3623D957-BC07-4330-B82E-CF89D56FFAAA}.Release|Mixed Platforms.Build.0 = Release|Any CPU
		{3623D957-BC07-4330-B82E-CF89D56FFAAA}.Release|Win32.ActiveCfg = Release|Any CPU
		{3623D957-BC07-4330-B82E-CF89D56FFAAA}.Release|x86.ActiveCfg = Release|Any CPU
		{CA04D922-E980-4785-BFD5-6625F367F606}.Debug|Any CPU.ActiveCfg = Debug|Any CPU
		{CA04D922-E980-4785-BFD5-6625F367F606}.Debug|Any CPU.Build.0 = Debug|Any CPU
		{CA04D922-E980-4785-BFD5-6625F367F606}.Debug|Mixed Platforms.ActiveCfg = Debug|Any CPU
		{CA04D922-E980-4785-BFD5-6625F367F606}.Debug|Mixed Platforms.Build.0 = Debug|Any CPU
		{CA04D922-E980-4785-BFD5-6625F367F606}.Debug|Win32.ActiveCfg = Debug|Any CPU
		{CA04D922-E980-4785-BFD5-6625F367F606}.Debug|x86.ActiveCfg = Debug|Any CPU
		{CA04D922-E980-4785-BFD5-6625F367F606}.Release|Any CPU.ActiveCfg = Debug|Any CPU
		{CA04D922-E980-4785-BFD5-6625F367F606}.Release|Any CPU.Build.0 = Debug|Any CPU
		{CA04D922-E980-4785-BFD5-6625F367F606}.Release|Mixed Platforms.ActiveCfg = Debug|Any CPU
		{CA04D922-E980-4785-BFD5-6625F367F606}.Release|Mixed Platforms.Build.0 = Debug|Any CPU
		{CA04D922-E980-4785-BFD5-6625F367F606}.Release|Win32.ActiveCfg = Debug|Any CPU
		{CA04D922-E980-4785-BFD5-6625F367F606}.Release|x86.ActiveCfg = Debug|Any CPU
		{DFE19F3F-8962-4A81-A6B3-E3AEEB4217F5}.Debug|Any CPU.ActiveCfg = Debug|Any CPU
		{DFE19F3F-8962-4A81-A6B3-E3AEEB4217F5}.Debug|Any CPU.Build.0 = Debug|Any CPU
		{DFE19F3F-8962-4A81-A6B3-E3AEEB4217F5}.Debug|Mixed Platforms.ActiveCfg = Debug|Any CPU
		{DFE19F3F-8962-4A81-A6B3-E3AEEB4217F5}.Debug|Mixed Platforms.Build.0 = Debug|Any CPU
		{DFE19F3F-8962-4A81-A6B3-E3AEEB4217F5}.Debug|Win32.ActiveCfg = Debug|Any CPU
		{DFE19F3F-8962-4A81-A6B3-E3AEEB4217F5}.Debug|x86.ActiveCfg = Debug|Any CPU
		{DFE19F3F-8962-4A81-A6B3-E3AEEB4217F5}.Release|Any CPU.ActiveCfg = Release|Any CPU
		{DFE19F3F-8962-4A81-A6B3-E3AEEB4217F5}.Release|Any CPU.Build.0 = Release|Any CPU
		{DFE19F3F-8962-4A81-A6B3-E3AEEB4217F5}.Release|Mixed Platforms.ActiveCfg = Release|Any CPU
		{DFE19F3F-8962-4A81-A6B3-E3AEEB4217F5}.Release|Mixed Platforms.Build.0 = Release|Any CPU
		{DFE19F3F-8962-4A81-A6B3-E3AEEB4217F5}.Release|Win32.ActiveCfg = Release|Any CPU
		{DFE19F3F-8962-4A81-A6B3-E3AEEB4217F5}.Release|x86.ActiveCfg = Release|Any CPU
		{AE35FADD-C486-45DE-80D4-D41CDEF22E5E}.Debug|Any CPU.ActiveCfg = Debug|Any CPU
		{AE35FADD-C486-45DE-80D4-D41CDEF22E5E}.Debug|Any CPU.Build.0 = Debug|Any CPU
		{AE35FADD-C486-45DE-80D4-D41CDEF22E5E}.Debug|Mixed Platforms.ActiveCfg = Debug|Any CPU
		{AE35FADD-C486-45DE-80D4-D41CDEF22E5E}.Debug|Mixed Platforms.Build.0 = Debug|Any CPU
		{AE35FADD-C486-45DE-80D4-D41CDEF22E5E}.Debug|Win32.ActiveCfg = Debug|Any CPU
		{AE35FADD-C486-45DE-80D4-D41CDEF22E5E}.Debug|x86.ActiveCfg = Debug|Any CPU
		{AE35FADD-C486-45DE-80D4-D41CDEF22E5E}.Release|Any CPU.ActiveCfg = Release|Any CPU
		{AE35FADD-C486-45DE-80D4-D41CDEF22E5E}.Release|Any CPU.Build.0 = Release|Any CPU
		{AE35FADD-C486-45DE-80D4-D41CDEF22E5E}.Release|Mixed Platforms.ActiveCfg = Release|Any CPU
		{AE35FADD-C486-45DE-80D4-D41CDEF22E5E}.Release|Mixed Platforms.Build.0 = Release|Any CPU
		{AE35FADD-C486-45DE-80D4-D41CDEF22E5E}.Release|Win32.ActiveCfg = Release|Any CPU
		{AE35FADD-C486-45DE-80D4-D41CDEF22E5E}.Release|x86.ActiveCfg = Release|Any CPU
		{95260333-4485-4C3B-9CF7-56208108B08C}.Debug|Any CPU.ActiveCfg = Debug|Any CPU
		{95260333-4485-4C3B-9CF7-56208108B08C}.Debug|Any CPU.Build.0 = Debug|Any CPU
		{95260333-4485-4C3B-9CF7-56208108B08C}.Debug|Mixed Platforms.ActiveCfg = Debug|Any CPU
		{95260333-4485-4C3B-9CF7-56208108B08C}.Debug|Mixed Platforms.Build.0 = Debug|Any CPU
		{95260333-4485-4C3B-9CF7-56208108B08C}.Debug|Win32.ActiveCfg = Debug|Any CPU
		{95260333-4485-4C3B-9CF7-56208108B08C}.Debug|x86.ActiveCfg = Debug|Any CPU
		{95260333-4485-4C3B-9CF7-56208108B08C}.Release|Any CPU.ActiveCfg = Release|Any CPU
		{95260333-4485-4C3B-9CF7-56208108B08C}.Release|Any CPU.Build.0 = Release|Any CPU
		{95260333-4485-4C3B-9CF7-56208108B08C}.Release|Mixed Platforms.ActiveCfg = Release|Any CPU
		{95260333-4485-4C3B-9CF7-56208108B08C}.Release|Mixed Platforms.Build.0 = Release|Any CPU
		{95260333-4485-4C3B-9CF7-56208108B08C}.Release|Win32.ActiveCfg = Release|Any CPU
		{95260333-4485-4C3B-9CF7-56208108B08C}.Release|x86.ActiveCfg = Release|Any CPU
		{C9AE473F-81AE-4E19-9CAE-035779CB02FD}.Debug|Any CPU.ActiveCfg = Debug|Any CPU
		{C9AE473F-81AE-4E19-9CAE-035779CB02FD}.Debug|Any CPU.Build.0 = Debug|Any CPU
		{C9AE473F-81AE-4E19-9CAE-035779CB02FD}.Debug|Mixed Platforms.ActiveCfg = Debug|Any CPU
		{C9AE473F-81AE-4E19-9CAE-035779CB02FD}.Debug|Mixed Platforms.Build.0 = Debug|Any CPU
		{C9AE473F-81AE-4E19-9CAE-035779CB02FD}.Debug|Win32.ActiveCfg = Debug|Any CPU
		{C9AE473F-81AE-4E19-9CAE-035779CB02FD}.Debug|x86.ActiveCfg = Debug|Any CPU
		{C9AE473F-81AE-4E19-9CAE-035779CB02FD}.Release|Any CPU.ActiveCfg = Release|Any CPU
		{C9AE473F-81AE-4E19-9CAE-035779CB02FD}.Release|Any CPU.Build.0 = Release|Any CPU
		{C9AE473F-81AE-4E19-9CAE-035779CB02FD}.Release|Mixed Platforms.ActiveCfg = Release|Any CPU
		{C9AE473F-81AE-4E19-9CAE-035779CB02FD}.Release|Mixed Platforms.Build.0 = Release|Any CPU
		{C9AE473F-81AE-4E19-9CAE-035779CB02FD}.Release|Win32.ActiveCfg = Release|Any CPU
		{C9AE473F-81AE-4E19-9CAE-035779CB02FD}.Release|x86.ActiveCfg = Release|Any CPU
		{478826EA-25F5-4B91-8EC8-3EBC1421C0F3}.Debug|Any CPU.ActiveCfg = Debug|Any CPU
		{478826EA-25F5-4B91-8EC8-3EBC1421C0F3}.Debug|Any CPU.Build.0 = Debug|Any CPU
		{478826EA-25F5-4B91-8EC8-3EBC1421C0F3}.Debug|Mixed Platforms.ActiveCfg = Debug|Any CPU
		{478826EA-25F5-4B91-8EC8-3EBC1421C0F3}.Debug|Mixed Platforms.Build.0 = Debug|Any CPU
		{478826EA-25F5-4B91-8EC8-3EBC1421C0F3}.Debug|Win32.ActiveCfg = Debug|Any CPU
		{478826EA-25F5-4B91-8EC8-3EBC1421C0F3}.Debug|x86.ActiveCfg = Debug|Any CPU
		{478826EA-25F5-4B91-8EC8-3EBC1421C0F3}.Release|Any CPU.ActiveCfg = Debug|Any CPU
		{478826EA-25F5-4B91-8EC8-3EBC1421C0F3}.Release|Any CPU.Build.0 = Debug|Any CPU
		{478826EA-25F5-4B91-8EC8-3EBC1421C0F3}.Release|Mixed Platforms.ActiveCfg = Debug|Any CPU
		{478826EA-25F5-4B91-8EC8-3EBC1421C0F3}.Release|Mixed Platforms.Build.0 = Debug|Any CPU
		{478826EA-25F5-4B91-8EC8-3EBC1421C0F3}.Release|Win32.ActiveCfg = Debug|Any CPU
		{478826EA-25F5-4B91-8EC8-3EBC1421C0F3}.Release|x86.ActiveCfg = Debug|Any CPU
		{075C0BA0-EA02-436C-9E5A-6771AD2D8217}.Debug|Any CPU.ActiveCfg = Debug|x86
		{075C0BA0-EA02-436C-9E5A-6771AD2D8217}.Debug|Mixed Platforms.ActiveCfg = Debug|x86
		{075C0BA0-EA02-436C-9E5A-6771AD2D8217}.Debug|Mixed Platforms.Build.0 = Debug|x86
		{075C0BA0-EA02-436C-9E5A-6771AD2D8217}.Debug|Win32.ActiveCfg = Debug|x86
		{075C0BA0-EA02-436C-9E5A-6771AD2D8217}.Debug|x86.ActiveCfg = Debug|x86
		{075C0BA0-EA02-436C-9E5A-6771AD2D8217}.Debug|x86.Build.0 = Debug|x86
		{075C0BA0-EA02-436C-9E5A-6771AD2D8217}.Release|Any CPU.ActiveCfg = Release|x86
		{075C0BA0-EA02-436C-9E5A-6771AD2D8217}.Release|Mixed Platforms.ActiveCfg = Release|x86
		{075C0BA0-EA02-436C-9E5A-6771AD2D8217}.Release|Mixed Platforms.Build.0 = Release|x86
		{075C0BA0-EA02-436C-9E5A-6771AD2D8217}.Release|Win32.ActiveCfg = Release|x86
		{075C0BA0-EA02-436C-9E5A-6771AD2D8217}.Release|x86.ActiveCfg = Release|x86
		{075C0BA0-EA02-436C-9E5A-6771AD2D8217}.Release|x86.Build.0 = Release|x86
		{30B9B744-49F8-4FD0-8CD7-83A1D218CBDA}.Debug|Any CPU.ActiveCfg = Debug|x86
		{30B9B744-49F8-4FD0-8CD7-83A1D218CBDA}.Debug|Mixed Platforms.ActiveCfg = Debug|x86
		{30B9B744-49F8-4FD0-8CD7-83A1D218CBDA}.Debug|Mixed Platforms.Build.0 = Debug|x86
		{30B9B744-49F8-4FD0-8CD7-83A1D218CBDA}.Debug|Win32.ActiveCfg = Debug|x86
		{30B9B744-49F8-4FD0-8CD7-83A1D218CBDA}.Debug|x86.ActiveCfg = Debug|x86
		{30B9B744-49F8-4FD0-8CD7-83A1D218CBDA}.Debug|x86.Build.0 = Debug|x86
		{30B9B744-49F8-4FD0-8CD7-83A1D218CBDA}.Release|Any CPU.ActiveCfg = Release|x86
		{30B9B744-49F8-4FD0-8CD7-83A1D218CBDA}.Release|Mixed Platforms.ActiveCfg = Release|x86
		{30B9B744-49F8-4FD0-8CD7-83A1D218CBDA}.Release|Mixed Platforms.Build.0 = Release|x86
		{30B9B744-49F8-4FD0-8CD7-83A1D218CBDA}.Release|Win32.ActiveCfg = Release|x86
		{30B9B744-49F8-4FD0-8CD7-83A1D218CBDA}.Release|x86.ActiveCfg = Release|x86
		{30B9B744-49F8-4FD0-8CD7-83A1D218CBDA}.Release|x86.Build.0 = Release|x86
		{C08ACD69-6847-4684-9D99-BA80D199D080}.Debug|Any CPU.ActiveCfg = Debug|x86
		{C08ACD69-6847-4684-9D99-BA80D199D080}.Debug|Mixed Platforms.ActiveCfg = Debug|x86
		{C08ACD69-6847-4684-9D99-BA80D199D080}.Debug|Mixed Platforms.Build.0 = Debug|x86
		{C08ACD69-6847-4684-9D99-BA80D199D080}.Debug|Win32.ActiveCfg = Debug|x86
		{C08ACD69-6847-4684-9D99-BA80D199D080}.Debug|x86.ActiveCfg = Debug|x86
		{C08ACD69-6847-4684-9D99-BA80D199D080}.Debug|x86.Build.0 = Debug|x86
		{C08ACD69-6847-4684-9D99-BA80D199D080}.Release|Any CPU.ActiveCfg = Release|x86
		{C08ACD69-6847-4684-9D99-BA80D199D080}.Release|Mixed Platforms.ActiveCfg = Release|x86
		{C08ACD69-6847-4684-9D99-BA80D199D080}.Release|Mixed Platforms.Build.0 = Release|x86
		{C08ACD69-6847-4684-9D99-BA80D199D080}.Release|Win32.ActiveCfg = Release|x86
		{C08ACD69-6847-4684-9D99-BA80D199D080}.Release|x86.ActiveCfg = Release|x86
		{C08ACD69-6847-4684-9D99-BA80D199D080}.Release|x86.Build.0 = Release|x86
		{B33C5F25-6FB0-420F-B1DA-DC0E9CBFD3DF}.Debug|Any CPU.ActiveCfg = Debug|x86
		{B33C5F25-6FB0-420F-B1DA-DC0E9CBFD3DF}.Debug|Mixed Platforms.ActiveCfg = Debug|x86
		{B33C5F25-6FB0-420F-B1DA-DC0E9CBFD3DF}.Debug|Mixed Platforms.Build.0 = Debug|x86
		{B33C5F25-6FB0-420F-B1DA-DC0E9CBFD3DF}.Debug|Win32.ActiveCfg = Debug|x86
		{B33C5F25-6FB0-420F-B1DA-DC0E9CBFD3DF}.Debug|x86.ActiveCfg = Debug|x86
		{B33C5F25-6FB0-420F-B1DA-DC0E9CBFD3DF}.Debug|x86.Build.0 = Debug|x86
		{B33C5F25-6FB0-420F-B1DA-DC0E9CBFD3DF}.Release|Any CPU.ActiveCfg = Release|x86
		{B33C5F25-6FB0-420F-B1DA-DC0E9CBFD3DF}.Release|Mixed Platforms.ActiveCfg = Release|x86
		{B33C5F25-6FB0-420F-B1DA-DC0E9CBFD3DF}.Release|Mixed Platforms.Build.0 = Release|x86
		{B33C5F25-6FB0-420F-B1DA-DC0E9CBFD3DF}.Release|Win32.ActiveCfg = Release|x86
		{B33C5F25-6FB0-420F-B1DA-DC0E9CBFD3DF}.Release|x86.ActiveCfg = Release|x86
		{B33C5F25-6FB0-420F-B1DA-DC0E9CBFD3DF}.Release|x86.Build.0 = Release|x86
		{F3574781-97F9-47DD-8191-AD24E56FBE00}.Debug|Any CPU.ActiveCfg = Debug|Any CPU
		{F3574781-97F9-47DD-8191-AD24E56FBE00}.Debug|Any CPU.Build.0 = Debug|Any CPU
		{F3574781-97F9-47DD-8191-AD24E56FBE00}.Debug|Mixed Platforms.ActiveCfg = Debug|Any CPU
		{F3574781-97F9-47DD-8191-AD24E56FBE00}.Debug|Mixed Platforms.Build.0 = Debug|Any CPU
		{F3574781-97F9-47DD-8191-AD24E56FBE00}.Debug|Win32.ActiveCfg = Debug|Any CPU
		{F3574781-97F9-47DD-8191-AD24E56FBE00}.Debug|x86.ActiveCfg = Debug|Any CPU
		{F3574781-97F9-47DD-8191-AD24E56FBE00}.Release|Any CPU.ActiveCfg = Release|Any CPU
		{F3574781-97F9-47DD-8191-AD24E56FBE00}.Release|Any CPU.Build.0 = Release|Any CPU
		{F3574781-97F9-47DD-8191-AD24E56FBE00}.Release|Mixed Platforms.ActiveCfg = Release|Any CPU
		{F3574781-97F9-47DD-8191-AD24E56FBE00}.Release|Mixed Platforms.Build.0 = Release|Any CPU
		{F3574781-97F9-47DD-8191-AD24E56FBE00}.Release|Win32.ActiveCfg = Release|Any CPU
		{F3574781-97F9-47DD-8191-AD24E56FBE00}.Release|x86.ActiveCfg = Release|Any CPU
		{1A4DF5AB-6978-478C-8648-FD4EF99792C6}.Debug|Any CPU.ActiveCfg = Debug|Any CPU
		{1A4DF5AB-6978-478C-8648-FD4EF99792C6}.Debug|Any CPU.Build.0 = Debug|Any CPU
		{1A4DF5AB-6978-478C-8648-FD4EF99792C6}.Debug|Mixed Platforms.ActiveCfg = Debug|Any CPU
		{1A4DF5AB-6978-478C-8648-FD4EF99792C6}.Debug|Mixed Platforms.Build.0 = Debug|Any CPU
		{1A4DF5AB-6978-478C-8648-FD4EF99792C6}.Debug|Win32.ActiveCfg = Debug|Any CPU
		{1A4DF5AB-6978-478C-8648-FD4EF99792C6}.Debug|x86.ActiveCfg = Debug|Any CPU
		{1A4DF5AB-6978-478C-8648-FD4EF99792C6}.Release|Any CPU.ActiveCfg = Debug|Any CPU
		{1A4DF5AB-6978-478C-8648-FD4EF99792C6}.Release|Any CPU.Build.0 = Debug|Any CPU
		{1A4DF5AB-6978-478C-8648-FD4EF99792C6}.Release|Mixed Platforms.ActiveCfg = Debug|Any CPU
		{1A4DF5AB-6978-478C-8648-FD4EF99792C6}.Release|Mixed Platforms.Build.0 = Debug|Any CPU
		{1A4DF5AB-6978-478C-8648-FD4EF99792C6}.Release|Win32.ActiveCfg = Debug|Any CPU
		{1A4DF5AB-6978-478C-8648-FD4EF99792C6}.Release|x86.ActiveCfg = Debug|Any CPU
		{3A3FB5EA-FB28-46D6-9ED8-4029174FE182}.Debug|Any CPU.ActiveCfg = Debug|x86
		{3A3FB5EA-FB28-46D6-9ED8-4029174FE182}.Debug|Mixed Platforms.ActiveCfg = Debug|x86
		{3A3FB5EA-FB28-46D6-9ED8-4029174FE182}.Debug|Mixed Platforms.Build.0 = Debug|x86
		{3A3FB5EA-FB28-46D6-9ED8-4029174FE182}.Debug|Win32.ActiveCfg = Debug|x86
		{3A3FB5EA-FB28-46D6-9ED8-4029174FE182}.Debug|x86.ActiveCfg = Debug|x86
		{3A3FB5EA-FB28-46D6-9ED8-4029174FE182}.Debug|x86.Build.0 = Debug|x86
		{3A3FB5EA-FB28-46D6-9ED8-4029174FE182}.Release|Any CPU.ActiveCfg = Release|x86
		{3A3FB5EA-FB28-46D6-9ED8-4029174FE182}.Release|Mixed Platforms.ActiveCfg = Release|x86
		{3A3FB5EA-FB28-46D6-9ED8-4029174FE182}.Release|Mixed Platforms.Build.0 = Release|x86
		{3A3FB5EA-FB28-46D6-9ED8-4029174FE182}.Release|Win32.ActiveCfg = Release|x86
		{3A3FB5EA-FB28-46D6-9ED8-4029174FE182}.Release|x86.ActiveCfg = Release|x86
		{3A3FB5EA-FB28-46D6-9ED8-4029174FE182}.Release|x86.Build.0 = Release|x86
	EndGlobalSection
	GlobalSection(SolutionProperties) = preSolution
		HideSolutionNode = FALSE
	EndGlobalSection
EndGlobal
